{
  "version": 4,
  "terraform_version": "1.8.5",
  "serial": 45,
  "lineage": "67ce9ab0-6ef5-18a0-c4d1-bc3abe0df747",
  "outputs": {
    "biztalk_public_ip": {
      "value": "172.174.76.107",
      "type": "string"
    }
  },
  "resources": [
    {
      "mode": "managed",
      "type": "azurerm_network_interface",
      "name": "biztalk_nic_app",
      "provider": "provider[\"registry.terraform.io/hashicorp/azurerm\"]",
      "instances": [
        {
          "schema_version": 0,
          "attributes": {
            "accelerated_networking_enabled": false,
            "applied_dns_servers": [],
            "auxiliary_mode": "",
            "auxiliary_sku": "",
            "dns_servers": [],
            "edge_zone": "",
            "id": "/subscriptions/98d1f945-030e-4136-a389-3bcbbaa5b8c5/resourceGroups/BizTalkRG/providers/Microsoft.Network/networkInterfaces/nic-biztalk",
            "internal_dns_name_label": "",
            "internal_domain_name_suffix": "ul3snxn3r1sefovn3zce2zpn2b.bx.internal.cloudapp.net",
            "ip_configuration": [
              {
                "gateway_load_balancer_frontend_ip_configuration_id": "",
                "name": "internal",
                "primary": true,
                "private_ip_address": "10.0.1.6",
                "private_ip_address_allocation": "Static",
                "private_ip_address_version": "IPv4",
                "public_ip_address_id": "",
                "subnet_id": "/subscriptions/98d1f945-030e-4136-a389-3bcbbaa5b8c5/resourceGroups/BizTalkRG/providers/Microsoft.Network/virtualNetworks/BizTalkVNet/subnets/BizTalkSubnet"
              }
            ],
            "ip_forwarding_enabled": false,
            "location": "eastus",
            "mac_address": "7C-1E-52-6B-44-30",
            "name": "nic-biztalk",
            "private_ip_address": "10.0.1.6",
            "private_ip_addresses": [
              "10.0.1.6"
            ],
            "resource_group_name": "BizTalkRG",
            "tags": {},
            "timeouts": null,
            "virtual_machine_id": "/subscriptions/98d1f945-030e-4136-a389-3bcbbaa5b8c5/resourceGroups/BizTalkRG/providers/Microsoft.Compute/virtualMachines/BizTalkApp"
          },
          "sensitive_attributes": [],
          "private": "eyJlMmJmYjczMC1lY2FhLTExZTYtOGY4OC0zNDM2M2JjN2M0YzAiOnsiY3JlYXRlIjoxODAwMDAwMDAwMDAwLCJkZWxldGUiOjE4MDAwMDAwMDAwMDAsInJlYWQiOjMwMDAwMDAwMDAwMCwidXBkYXRlIjoxODAwMDAwMDAwMDAwfX0=",
          "dependencies": [
            "azurerm_resource_group.biztalk_rg",
            "azurerm_subnet.biztalk_subnet",
            "azurerm_virtual_network.biztalk_vnet"
          ]
        }
      ]
    },
    {
      "mode": "managed",
      "type": "azurerm_network_interface",
      "name": "biztalk_nic_dc",
      "provider": "provider[\"registry.terraform.io/hashicorp/azurerm\"]",
      "instances": [
        {
          "schema_version": 0,
          "attributes": {
            "accelerated_networking_enabled": false,
            "applied_dns_servers": [],
            "auxiliary_mode": "",
            "auxiliary_sku": "",
            "dns_servers": null,
            "edge_zone": "",
            "id": "/subscriptions/98d1f945-030e-4136-a389-3bcbbaa5b8c5/resourceGroups/BizTalkRG/providers/Microsoft.Network/networkInterfaces/nic-dc",
            "internal_dns_name_label": "",
            "internal_domain_name_suffix": "ul3snxn3r1sefovn3zce2zpn2b.bx.internal.cloudapp.net",
            "ip_configuration": [
              {
                "gateway_load_balancer_frontend_ip_configuration_id": "",
                "name": "internal",
                "primary": true,
                "private_ip_address": "10.0.1.4",
                "private_ip_address_allocation": "Static",
                "private_ip_address_version": "IPv4",
                "public_ip_address_id": "/subscriptions/98d1f945-030e-4136-a389-3bcbbaa5b8c5/resourceGroups/BizTalkRG/providers/Microsoft.Network/publicIPAddresses/BizTalk-PublicIP",
                "subnet_id": "/subscriptions/98d1f945-030e-4136-a389-3bcbbaa5b8c5/resourceGroups/BizTalkRG/providers/Microsoft.Network/virtualNetworks/BizTalkVNet/subnets/BizTalkSubnet"
              }
            ],
            "ip_forwarding_enabled": false,
            "location": "eastus",
            "mac_address": "",
            "name": "nic-dc",
            "private_ip_address": "10.0.1.4",
            "private_ip_addresses": [
              "10.0.1.4"
            ],
            "resource_group_name": "BizTalkRG",
            "tags": null,
            "timeouts": null,
            "virtual_machine_id": ""
          },
          "sensitive_attributes": [],
          "private": "eyJlMmJmYjczMC1lY2FhLTExZTYtOGY4OC0zNDM2M2JjN2M0YzAiOnsiY3JlYXRlIjoxODAwMDAwMDAwMDAwLCJkZWxldGUiOjE4MDAwMDAwMDAwMDAsInJlYWQiOjMwMDAwMDAwMDAwMCwidXBkYXRlIjoxODAwMDAwMDAwMDAwfX0=",
          "dependencies": [
            "azurerm_public_ip.biztalk_public_ip",
            "azurerm_resource_group.biztalk_rg",
            "azurerm_subnet.biztalk_subnet",
            "azurerm_virtual_network.biztalk_vnet"
          ]
        }
      ]
    },
    {
      "mode": "managed",
      "type": "azurerm_network_interface",
      "name": "biztalk_nic_sql",
      "provider": "provider[\"registry.terraform.io/hashicorp/azurerm\"]",
      "instances": [
        {
          "schema_version": 0,
          "attributes": {
            "accelerated_networking_enabled": false,
            "applied_dns_servers": [],
            "auxiliary_mode": "",
            "auxiliary_sku": "",
            "dns_servers": [],
            "edge_zone": "",
            "id": "/subscriptions/98d1f945-030e-4136-a389-3bcbbaa5b8c5/resourceGroups/BizTalkRG/providers/Microsoft.Network/networkInterfaces/nic-sql",
            "internal_dns_name_label": "",
            "internal_domain_name_suffix": "ul3snxn3r1sefovn3zce2zpn2b.bx.internal.cloudapp.net",
            "ip_configuration": [
              {
                "gateway_load_balancer_frontend_ip_configuration_id": "",
                "name": "internal",
                "primary": true,
                "private_ip_address": "10.0.1.5",
                "private_ip_address_allocation": "Static",
                "private_ip_address_version": "IPv4",
                "public_ip_address_id": "",
                "subnet_id": "/subscriptions/98d1f945-030e-4136-a389-3bcbbaa5b8c5/resourceGroups/BizTalkRG/providers/Microsoft.Network/virtualNetworks/BizTalkVNet/subnets/BizTalkSubnet"
              }
            ],
            "ip_forwarding_enabled": false,
            "location": "eastus",
            "mac_address": "00-22-48-34-C0-92",
            "name": "nic-sql",
            "private_ip_address": "10.0.1.5",
            "private_ip_addresses": [
              "10.0.1.5"
            ],
            "resource_group_name": "BizTalkRG",
            "tags": {},
            "timeouts": null,
            "virtual_machine_id": "/subscriptions/98d1f945-030e-4136-a389-3bcbbaa5b8c5/resourceGroups/BizTalkRG/providers/Microsoft.Compute/virtualMachines/BizTalkSQL"
          },
          "sensitive_attributes": [],
          "private": "eyJlMmJmYjczMC1lY2FhLTExZTYtOGY4OC0zNDM2M2JjN2M0YzAiOnsiY3JlYXRlIjoxODAwMDAwMDAwMDAwLCJkZWxldGUiOjE4MDAwMDAwMDAwMDAsInJlYWQiOjMwMDAwMDAwMDAwMCwidXBkYXRlIjoxODAwMDAwMDAwMDAwfX0=",
          "dependencies": [
            "azurerm_resource_group.biztalk_rg",
            "azurerm_subnet.biztalk_subnet",
            "azurerm_virtual_network.biztalk_vnet"
          ]
        }
      ]
    },
    {
      "mode": "managed",
      "type": "azurerm_network_interface_security_group_association",
      "name": "biztalk_nic_app_assoc",
      "provider": "provider[\"registry.terraform.io/hashicorp/azurerm\"]",
      "instances": [
        {
          "schema_version": 0,
          "attributes": {
            "id": "/subscriptions/98d1f945-030e-4136-a389-3bcbbaa5b8c5/resourceGroups/BizTalkRG/providers/Microsoft.Network/networkInterfaces/nic-biztalk|/subscriptions/98d1f945-030e-4136-a389-3bcbbaa5b8c5/resourceGroups/BizTalkRG/providers/Microsoft.Network/networkSecurityGroups/BizTalkNSG",
            "network_interface_id": "/subscriptions/98d1f945-030e-4136-a389-3bcbbaa5b8c5/resourceGroups/BizTalkRG/providers/Microsoft.Network/networkInterfaces/nic-biztalk",
            "network_security_group_id": "/subscriptions/98d1f945-030e-4136-a389-3bcbbaa5b8c5/resourceGroups/BizTalkRG/providers/Microsoft.Network/networkSecurityGroups/BizTalkNSG",
            "timeouts": null
          },
          "sensitive_attributes": [],
          "private": "eyJlMmJmYjczMC1lY2FhLTExZTYtOGY4OC0zNDM2M2JjN2M0YzAiOnsiY3JlYXRlIjoxODAwMDAwMDAwMDAwLCJkZWxldGUiOjE4MDAwMDAwMDAwMDAsInJlYWQiOjMwMDAwMDAwMDAwMH19",
          "dependencies": [
            "azurerm_network_interface.biztalk_nic_app",
            "azurerm_network_security_group.biztalk_nsg",
            "azurerm_resource_group.biztalk_rg",
            "azurerm_subnet.biztalk_subnet",
            "azurerm_virtual_network.biztalk_vnet"
          ]
        }
      ]
    },
    {
      "mode": "managed",
      "type": "azurerm_network_interface_security_group_association",
      "name": "biztalk_nic_dc_assoc",
      "provider": "provider[\"registry.terraform.io/hashicorp/azurerm\"]",
      "instances": [
        {
          "schema_version": 0,
          "attributes": {
            "id": "/subscriptions/98d1f945-030e-4136-a389-3bcbbaa5b8c5/resourceGroups/BizTalkRG/providers/Microsoft.Network/networkInterfaces/nic-dc|/subscriptions/98d1f945-030e-4136-a389-3bcbbaa5b8c5/resourceGroups/BizTalkRG/providers/Microsoft.Network/networkSecurityGroups/BizTalkNSG",
            "network_interface_id": "/subscriptions/98d1f945-030e-4136-a389-3bcbbaa5b8c5/resourceGroups/BizTalkRG/providers/Microsoft.Network/networkInterfaces/nic-dc",
            "network_security_group_id": "/subscriptions/98d1f945-030e-4136-a389-3bcbbaa5b8c5/resourceGroups/BizTalkRG/providers/Microsoft.Network/networkSecurityGroups/BizTalkNSG",
            "timeouts": null
          },
          "sensitive_attributes": [],
          "private": "eyJlMmJmYjczMC1lY2FhLTExZTYtOGY4OC0zNDM2M2JjN2M0YzAiOnsiY3JlYXRlIjoxODAwMDAwMDAwMDAwLCJkZWxldGUiOjE4MDAwMDAwMDAwMDAsInJlYWQiOjMwMDAwMDAwMDAwMH19",
          "dependencies": [
            "azurerm_network_interface.biztalk_nic_dc",
            "azurerm_network_security_group.biztalk_nsg",
            "azurerm_public_ip.biztalk_public_ip",
            "azurerm_resource_group.biztalk_rg",
            "azurerm_subnet.biztalk_subnet",
            "azurerm_virtual_network.biztalk_vnet"
          ]
        }
      ]
    },
    {
      "mode": "managed",
      "type": "azurerm_network_interface_security_group_association",
      "name": "biztalk_nic_sql_assoc",
      "provider": "provider[\"registry.terraform.io/hashicorp/azurerm\"]",
      "instances": [
        {
          "schema_version": 0,
          "attributes": {
            "id": "/subscriptions/98d1f945-030e-4136-a389-3bcbbaa5b8c5/resourceGroups/BizTalkRG/providers/Microsoft.Network/networkInterfaces/nic-sql|/subscriptions/98d1f945-030e-4136-a389-3bcbbaa5b8c5/resourceGroups/BizTalkRG/providers/Microsoft.Network/networkSecurityGroups/BizTalkNSG",
            "network_interface_id": "/subscriptions/98d1f945-030e-4136-a389-3bcbbaa5b8c5/resourceGroups/BizTalkRG/providers/Microsoft.Network/networkInterfaces/nic-sql",
            "network_security_group_id": "/subscriptions/98d1f945-030e-4136-a389-3bcbbaa5b8c5/resourceGroups/BizTalkRG/providers/Microsoft.Network/networkSecurityGroups/BizTalkNSG",
            "timeouts": null
          },
          "sensitive_attributes": [],
          "private": "eyJlMmJmYjczMC1lY2FhLTExZTYtOGY4OC0zNDM2M2JjN2M0YzAiOnsiY3JlYXRlIjoxODAwMDAwMDAwMDAwLCJkZWxldGUiOjE4MDAwMDAwMDAwMDAsInJlYWQiOjMwMDAwMDAwMDAwMH19",
          "dependencies": [
            "azurerm_network_interface.biztalk_nic_sql",
            "azurerm_network_security_group.biztalk_nsg",
            "azurerm_resource_group.biztalk_rg",
            "azurerm_subnet.biztalk_subnet",
            "azurerm_virtual_network.biztalk_vnet"
          ]
        }
      ]
    },
    {
      "mode": "managed",
      "type": "azurerm_network_security_group",
      "name": "biztalk_nsg",
      "provider": "provider[\"registry.terraform.io/hashicorp/azurerm\"]",
      "instances": [
        {
          "schema_version": 0,
          "attributes": {
            "id": "/subscriptions/98d1f945-030e-4136-a389-3bcbbaa5b8c5/resourceGroups/BizTalkRG/providers/Microsoft.Network/networkSecurityGroups/BizTalkNSG",
            "location": "eastus",
            "name": "BizTalkNSG",
            "resource_group_name": "BizTalkRG",
            "security_rule": [
              {
                "access": "Allow",
                "description": "",
                "destination_address_prefix": "*",
                "destination_address_prefixes": [],
                "destination_application_security_group_ids": [],
                "destination_port_range": "*",
                "destination_port_ranges": [],
                "direction": "Inbound",
                "name": "AllowICMP",
                "priority": 110,
                "protocol": "Icmp",
                "source_address_prefix": "*",
                "source_address_prefixes": [],
                "source_application_security_group_ids": [],
                "source_port_range": "*",
                "source_port_ranges": []
              },
              {
                "access": "Allow",
                "description": "",
                "destination_address_prefix": "*",
                "destination_address_prefixes": [],
                "destination_application_security_group_ids": [],
                "destination_port_range": "1433",
                "destination_port_ranges": [],
                "direction": "Inbound",
                "name": "AllowSQL",
                "priority": 120,
                "protocol": "Tcp",
                "source_address_prefix": "*",
                "source_address_prefixes": [],
                "source_application_security_group_ids": [],
                "source_port_range": "*",
                "source_port_ranges": []
              },
              {
                "access": "Allow",
                "description": "",
                "destination_address_prefix": "*",
                "destination_address_prefixes": [],
                "destination_application_security_group_ids": [],
                "destination_port_range": "21",
                "destination_port_ranges": [],
                "direction": "Inbound",
                "name": "AllowFTP",
                "priority": 140,
                "protocol": "Tcp",
                "source_address_prefix": "*",
                "source_address_prefixes": [],
                "source_application_security_group_ids": [],
                "source_port_range": "*",
                "source_port_ranges": []
              },
              {
                "access": "Allow",
                "description": "",
                "destination_address_prefix": "*",
                "destination_address_prefixes": [],
                "destination_application_security_group_ids": [],
                "destination_port_range": "25",
                "destination_port_ranges": [],
                "direction": "Inbound",
                "name": "AllowSMTP",
                "priority": 150,
                "protocol": "Tcp",
                "source_address_prefix": "*",
                "source_address_prefixes": [],
                "source_application_security_group_ids": [],
                "source_port_range": "*",
                "source_port_ranges": []
              },
              {
                "access": "Allow",
                "description": "",
                "destination_address_prefix": "*",
                "destination_address_prefixes": [],
                "destination_application_security_group_ids": [],
                "destination_port_range": "3389",
                "destination_port_ranges": [],
                "direction": "Inbound",
                "name": "AllowRDP",
                "priority": 100,
                "protocol": "Tcp",
                "source_address_prefix": "*",
                "source_address_prefixes": [],
                "source_application_security_group_ids": [],
                "source_port_range": "*",
                "source_port_ranges": []
              },
              {
                "access": "Allow",
                "description": "",
                "destination_address_prefix": "*",
                "destination_address_prefixes": [],
                "destination_application_security_group_ids": [],
                "destination_port_range": "389",
                "destination_port_ranges": [],
                "direction": "Inbound",
                "name": "AllowLDAP",
                "priority": 130,
                "protocol": "*",
                "source_address_prefix": "*",
                "source_address_prefixes": [],
                "source_application_security_group_ids": [],
                "source_port_range": "*",
                "source_port_ranges": []
              }
            ],
            "tags": {},
            "timeouts": null
          },
          "sensitive_attributes": [],
          "private": "eyJlMmJmYjczMC1lY2FhLTExZTYtOGY4OC0zNDM2M2JjN2M0YzAiOnsiY3JlYXRlIjoxODAwMDAwMDAwMDAwLCJkZWxldGUiOjE4MDAwMDAwMDAwMDAsInJlYWQiOjMwMDAwMDAwMDAwMCwidXBkYXRlIjoxODAwMDAwMDAwMDAwfX0=",
          "dependencies": [
            "azurerm_resource_group.biztalk_rg"
          ]
        }
      ]
    },
    {
      "mode": "managed",
      "type": "azurerm_public_ip",
      "name": "biztalk_public_ip",
      "provider": "provider[\"registry.terraform.io/hashicorp/azurerm\"]",
      "instances": [
        {
          "schema_version": 0,
          "attributes": {
            "allocation_method": "Static",
            "ddos_protection_mode": "VirtualNetworkInherited",
            "ddos_protection_plan_id": null,
            "domain_name_label": null,
            "domain_name_label_scope": null,
            "edge_zone": "",
            "fqdn": null,
            "id": "/subscriptions/98d1f945-030e-4136-a389-3bcbbaa5b8c5/resourceGroups/BizTalkRG/providers/Microsoft.Network/publicIPAddresses/BizTalk-PublicIP",
            "idle_timeout_in_minutes": 4,
            "ip_address": "172.174.76.107",
            "ip_tags": null,
            "ip_version": "IPv4",
            "location": "eastus",
            "name": "BizTalk-PublicIP",
            "public_ip_prefix_id": null,
            "resource_group_name": "BizTalkRG",
            "reverse_fqdn": null,
            "sku": "Standard",
            "sku_tier": "Regional",
            "tags": null,
            "timeouts": null,
            "zones": null
          },
          "sensitive_attributes": [],
          "private": "eyJlMmJmYjczMC1lY2FhLTExZTYtOGY4OC0zNDM2M2JjN2M0YzAiOnsiY3JlYXRlIjoxODAwMDAwMDAwMDAwLCJkZWxldGUiOjE4MDAwMDAwMDAwMDAsInJlYWQiOjMwMDAwMDAwMDAwMCwidXBkYXRlIjoxODAwMDAwMDAwMDAwfX0=",
          "dependencies": [
            "azurerm_resource_group.biztalk_rg"
          ]
        }
      ]
    },
    {
      "mode": "managed",
      "type": "azurerm_resource_group",
      "name": "biztalk_rg",
      "provider": "provider[\"registry.terraform.io/hashicorp/azurerm\"]",
      "instances": [
        {
          "schema_version": 0,
          "attributes": {
            "id": "/subscriptions/98d1f945-030e-4136-a389-3bcbbaa5b8c5/resourceGroups/BizTalkRG",
            "location": "eastus",
            "managed_by": "",
            "name": "BizTalkRG",
            "tags": {},
            "timeouts": null
          },
          "sensitive_attributes": [],
          "private": "eyJlMmJmYjczMC1lY2FhLTExZTYtOGY4OC0zNDM2M2JjN2M0YzAiOnsiY3JlYXRlIjo1NDAwMDAwMDAwMDAwLCJkZWxldGUiOjU0MDAwMDAwMDAwMDAsInJlYWQiOjMwMDAwMDAwMDAwMCwidXBkYXRlIjo1NDAwMDAwMDAwMDAwfX0="
        }
      ]
    },
    {
      "mode": "managed",
      "type": "azurerm_subnet",
      "name": "biztalk_subnet",
      "provider": "provider[\"registry.terraform.io/hashicorp/azurerm\"]",
      "instances": [
        {
          "schema_version": 0,
          "attributes": {
            "address_prefixes": [
              "10.0.1.0/24"
            ],
            "default_outbound_access_enabled": true,
            "delegation": [],
            "id": "/subscriptions/98d1f945-030e-4136-a389-3bcbbaa5b8c5/resourceGroups/BizTalkRG/providers/Microsoft.Network/virtualNetworks/BizTalkVNet/subnets/BizTalkSubnet",
            "name": "BizTalkSubnet",
            "private_endpoint_network_policies": "Disabled",
            "private_link_service_network_policies_enabled": true,
            "resource_group_name": "BizTalkRG",
            "service_endpoint_policy_ids": [],
            "service_endpoints": [],
            "timeouts": null,
            "virtual_network_name": "BizTalkVNet"
          },
          "sensitive_attributes": [],
          "private": "eyJlMmJmYjczMC1lY2FhLTExZTYtOGY4OC0zNDM2M2JjN2M0YzAiOnsiY3JlYXRlIjoxODAwMDAwMDAwMDAwLCJkZWxldGUiOjE4MDAwMDAwMDAwMDAsInJlYWQiOjMwMDAwMDAwMDAwMCwidXBkYXRlIjoxODAwMDAwMDAwMDAwfX0=",
          "dependencies": [
            "azurerm_resource_group.biztalk_rg",
            "azurerm_virtual_network.biztalk_vnet"
          ]
        }
      ]
    },
    {
      "mode": "managed",
      "type": "azurerm_virtual_network",
      "name": "biztalk_vnet",
      "provider": "provider[\"registry.terraform.io/hashicorp/azurerm\"]",
      "instances": [
        {
          "schema_version": 0,
          "attributes": {
            "address_space": [
              "10.0.0.0/16"
            ],
            "bgp_community": "",
            "ddos_protection_plan": [],
            "dns_servers": [],
            "edge_zone": "",
            "encryption": [],
            "flow_timeout_in_minutes": 0,
            "guid": "dd26fba2-8ebd-42e4-baad-ee444e65ede1",
            "id": "/subscriptions/98d1f945-030e-4136-a389-3bcbbaa5b8c5/resourceGroups/BizTalkRG/providers/Microsoft.Network/virtualNetworks/BizTalkVNet",
            "ip_address_pool": [],
            "location": "eastus",
            "name": "BizTalkVNet",
            "private_endpoint_vnet_policies": "Disabled",
            "resource_group_name": "BizTalkRG",
            "subnet": [
              {
                "address_prefixes": [
                  "10.0.1.0/24"
                ],
                "default_outbound_access_enabled": true,
                "delegation": [],
                "id": "/subscriptions/98d1f945-030e-4136-a389-3bcbbaa5b8c5/resourceGroups/BizTalkRG/providers/Microsoft.Network/virtualNetworks/BizTalkVNet/subnets/BizTalkSubnet",
                "name": "BizTalkSubnet",
                "private_endpoint_network_policies": "Disabled",
                "private_link_service_network_policies_enabled": true,
                "route_table_id": "",
                "security_group": "",
                "service_endpoint_policy_ids": [],
                "service_endpoints": []
              }
            ],
            "tags": {},
            "timeouts": null
          },
          "sensitive_attributes": [],
          "private": "eyJlMmJmYjczMC1lY2FhLTExZTYtOGY4OC0zNDM2M2JjN2M0YzAiOnsiY3JlYXRlIjoxODAwMDAwMDAwMDAwLCJkZWxldGUiOjE4MDAwMDAwMDAwMDAsInJlYWQiOjMwMDAwMDAwMDAwMCwidXBkYXRlIjoxODAwMDAwMDAwMDAwfX0=",
          "dependencies": [
            "azurerm_resource_group.biztalk_rg"
          ]
        }
      ]
    },
    {
      "mode": "managed",
      "type": "azurerm_windows_virtual_machine",
      "name": "biztalk_app",
      "provider": "provider[\"registry.terraform.io/hashicorp/azurerm\"]",
      "instances": [
        {
          "schema_version": 0,
          "attributes": {
            "additional_capabilities": [],
            "additional_unattend_content": [],
            "admin_password": "Micholad062025!",
            "admin_username": "azureibrozini",
            "allow_extension_operations": true,
            "availability_set_id": "",
            "boot_diagnostics": [],
            "bypass_platform_safety_checks_on_user_schedule_enabled": false,
            "capacity_reservation_group_id": "",
            "computer_name": "BizTalkApp",
            "custom_data": null,
            "dedicated_host_group_id": "",
            "dedicated_host_id": "",
            "disk_controller_type": "",
            "edge_zone": "",
            "enable_automatic_updates": true,
            "encryption_at_host_enabled": false,
            "eviction_policy": "",
            "extensions_time_budget": "PT1H30M",
            "gallery_application": [],
            "hotpatching_enabled": false,
            "id": "/subscriptions/98d1f945-030e-4136-a389-3bcbbaa5b8c5/resourceGroups/BizTalkRG/providers/Microsoft.Compute/virtualMachines/BizTalkApp",
            "identity": [],
            "license_type": "",
            "location": "eastus",
            "max_bid_price": -1,
            "name": "BizTalkApp",
            "network_interface_ids": [
              "/subscriptions/98d1f945-030e-4136-a389-3bcbbaa5b8c5/resourceGroups/BizTalkRG/providers/Microsoft.Network/networkInterfaces/nic-biztalk"
            ],
            "os_disk": [
              {
                "caching": "ReadWrite",
                "diff_disk_settings": [],
                "disk_encryption_set_id": "",
                "disk_size_gb": 127,
                "id": "/subscriptions/98d1f945-030e-4136-a389-3bcbbaa5b8c5/resourceGroups/BizTalkRG/providers/Microsoft.Compute/disks/BizTalkApp_OsDisk_1_d34c4a0f8d364a2a9a2c90b75caf2fa9",
                "name": "BizTalkApp_OsDisk_1_d34c4a0f8d364a2a9a2c90b75caf2fa9",
                "secure_vm_disk_encryption_set_id": "",
                "security_encryption_type": "",
                "storage_account_type": "Standard_LRS",
                "write_accelerator_enabled": false
              }
            ],
            "os_image_notification": [],
            "patch_assessment_mode": "ImageDefault",
            "patch_mode": "AutomaticByOS",
            "plan": [],
            "platform_fault_domain": -1,
            "priority": "Regular",
            "private_ip_address": "10.0.1.6",
            "private_ip_addresses": [
              "10.0.1.6"
            ],
            "provision_vm_agent": true,
            "proximity_placement_group_id": "",
            "public_ip_address": "",
            "public_ip_addresses": [],
            "reboot_setting": "",
            "resource_group_name": "BizTalkRG",
            "secret": [],
            "secure_boot_enabled": false,
            "size": "Standard_B4ms",
            "source_image_id": "",
            "source_image_reference": [
              {
                "offer": "BizTalk-Server",
                "publisher": "MicrosoftBizTalkServer",
                "sku": "2020-Enterprise",
                "version": "latest"
              }
            ],
            "tags": {},
            "termination_notification": [],
            "timeouts": null,
            "timezone": "",
            "user_data": "",
            "virtual_machine_id": "8b29616d-ed5f-4af5-a130-cc7fa2fcc326",
            "virtual_machine_scale_set_id": "",
            "vm_agent_platform_updates_enabled": true,
            "vtpm_enabled": false,
            "winrm_listener": [],
            "zone": ""
          },
          "sensitive_attributes": [
            [
              {
                "type": "get_attr",
                "value": "admin_password"
              }
            ],
            [
              {
                "type": "get_attr",
                "value": "custom_data"
              }
            ]
          ],
          "private": "eyJlMmJmYjczMC1lY2FhLTExZTYtOGY4OC0zNDM2M2JjN2M0YzAiOnsiY3JlYXRlIjoyNzAwMDAwMDAwMDAwLCJkZWxldGUiOjI3MDAwMDAwMDAwMDAsInJlYWQiOjMwMDAwMDAwMDAwMCwidXBkYXRlIjoyNzAwMDAwMDAwMDAwfX0=",
          "dependencies": [
            "azurerm_network_interface.biztalk_nic_app",
            "azurerm_resource_group.biztalk_rg",
            "azurerm_subnet.biztalk_subnet",
            "azurerm_virtual_network.biztalk_vnet"
          ]
        }
      ]
    },
    {
      "mode": "managed",
      "type": "azurerm_windows_virtual_machine",
      "name": "biztalk_dc",
      "provider": "provider[\"registry.terraform.io/hashicorp/azurerm\"]",
      "instances": [
        {
          "schema_version": 0,
          "attributes": {
            "additional_capabilities": [],
            "additional_unattend_content": [],
            "admin_password": "Micholad062025!",
            "admin_username": "azureibrozini",
            "allow_extension_operations": true,
            "availability_set_id": "",
            "boot_diagnostics": [],
            "bypass_platform_safety_checks_on_user_schedule_enabled": false,
            "capacity_reservation_group_id": "",
            "computer_name": "BizTalkDC",
            "custom_data": null,
            "dedicated_host_group_id": "",
            "dedicated_host_id": "",
            "disk_controller_type": "",
            "edge_zone": "",
            "enable_automatic_updates": true,
            "encryption_at_host_enabled": false,
            "eviction_policy": "",
            "extensions_time_budget": "PT1H30M",
            "gallery_application": [],
            "hotpatching_enabled": false,
            "id": "/subscriptions/98d1f945-030e-4136-a389-3bcbbaa5b8c5/resourceGroups/BizTalkRG/providers/Microsoft.Compute/virtualMachines/BizTalkDC",
            "identity": [],
            "license_type": "",
            "location": "eastus",
            "max_bid_price": -1,
            "name": "BizTalkDC",
            "network_interface_ids": [
              "/subscriptions/98d1f945-030e-4136-a389-3bcbbaa5b8c5/resourceGroups/BizTalkRG/providers/Microsoft.Network/networkInterfaces/nic-dc"
            ],
            "os_disk": [
              {
                "caching": "ReadWrite",
                "diff_disk_settings": [],
                "disk_encryption_set_id": "",
                "disk_size_gb": 127,
                "id": "/subscriptions/98d1f945-030e-4136-a389-3bcbbaa5b8c5/resourceGroups/BizTalkRG/providers/Microsoft.Compute/disks/BizTalkDC_OsDisk_1_62177ee7ab7246bbaa99f4b994aedab7",
                "name": "BizTalkDC_OsDisk_1_62177ee7ab7246bbaa99f4b994aedab7",
                "secure_vm_disk_encryption_set_id": "",
                "security_encryption_type": "",
                "storage_account_type": "Standard_LRS",
                "write_accelerator_enabled": false
              }
            ],
            "os_image_notification": [],
            "patch_assessment_mode": "ImageDefault",
            "patch_mode": "AutomaticByOS",
            "plan": [],
            "platform_fault_domain": -1,
            "priority": "Regular",
            "private_ip_address": "10.0.1.4",
            "private_ip_addresses": [
              "10.0.1.4"
            ],
            "provision_vm_agent": true,
            "proximity_placement_group_id": "",
            "public_ip_address": "172.174.76.107",
            "public_ip_addresses": [
              "172.174.76.107"
            ],
            "reboot_setting": "",
            "resource_group_name": "BizTalkRG",
            "secret": [],
            "secure_boot_enabled": false,
            "size": "Standard_B2ms",
            "source_image_id": "",
            "source_image_reference": [
              {
                "offer": "WindowsServer",
                "publisher": "MicrosoftWindowsServer",
                "sku": "2019-Datacenter",
                "version": "latest"
              }
            ],
            "tags": null,
            "termination_notification": null,
            "timeouts": null,
            "timezone": "",
            "user_data": "",
            "virtual_machine_id": "d2092bc3-6d1d-4035-839c-58cdec4a01fe",
            "virtual_machine_scale_set_id": "",
            "vm_agent_platform_updates_enabled": true,
            "vtpm_enabled": false,
            "winrm_listener": [],
            "zone": ""
          },
          "sensitive_attributes": [
            [
              {
                "type": "get_attr",
                "value": "admin_password"
              }
            ],
            [
              {
                "type": "get_attr",
                "value": "custom_data"
              }
            ]
          ],
          "private": "eyJlMmJmYjczMC1lY2FhLTExZTYtOGY4OC0zNDM2M2JjN2M0YzAiOnsiY3JlYXRlIjoyNzAwMDAwMDAwMDAwLCJkZWxldGUiOjI3MDAwMDAwMDAwMDAsInJlYWQiOjMwMDAwMDAwMDAwMCwidXBkYXRlIjoyNzAwMDAwMDAwMDAwfX0=",
          "dependencies": [
            "azurerm_network_interface.biztalk_nic_dc",
            "azurerm_public_ip.biztalk_public_ip",
            "azurerm_resource_group.biztalk_rg",
            "azurerm_subnet.biztalk_subnet",
            "azurerm_virtual_network.biztalk_vnet"
          ]
        }
      ]
    },
    {
      "mode": "managed",
      "type": "azurerm_windows_virtual_machine",
      "name": "biztalk_sql",
      "provider": "provider[\"registry.terraform.io/hashicorp/azurerm\"]",
      "instances": [
        {
          "schema_version": 0,
          "attributes": {
            "additional_capabilities": [],
            "additional_unattend_content": [],
            "admin_password": "Micholad062025!",
            "admin_username": "azureibrozini",
            "allow_extension_operations": true,
            "availability_set_id": "",
            "boot_diagnostics": [],
            "bypass_platform_safety_checks_on_user_schedule_enabled": false,
            "capacity_reservation_group_id": "",
            "computer_name": "BizTalkSQL",
            "custom_data": null,
            "dedicated_host_group_id": "",
            "dedicated_host_id": "",
            "disk_controller_type": "",
            "edge_zone": "",
            "enable_automatic_updates": true,
            "encryption_at_host_enabled": false,
            "eviction_policy": "",
            "extensions_time_budget": "PT1H30M",
            "gallery_application": [],
            "hotpatching_enabled": false,
            "id": "/subscriptions/98d1f945-030e-4136-a389-3bcbbaa5b8c5/resourceGroups/BizTalkRG/providers/Microsoft.Compute/virtualMachines/BizTalkSQL",
            "identity": [],
            "license_type": "",
            "location": "eastus",
            "max_bid_price": -1,
            "name": "BizTalkSQL",
            "network_interface_ids": [
              "/subscriptions/98d1f945-030e-4136-a389-3bcbbaa5b8c5/resourceGroups/BizTalkRG/providers/Microsoft.Network/networkInterfaces/nic-sql"
            ],
            "os_disk": [
              {
                "caching": "ReadWrite",
                "diff_disk_settings": [],
                "disk_encryption_set_id": "",
                "disk_size_gb": 127,
                "id": "/subscriptions/98d1f945-030e-4136-a389-3bcbbaa5b8c5/resourceGroups/BizTalkRG/providers/Microsoft.Compute/disks/BizTalkSQL_OsDisk_1_04ec925d4ac64000876ba4cb8ce263fd",
                "name": "BizTalkSQL_OsDisk_1_04ec925d4ac64000876ba4cb8ce263fd",
                "secure_vm_disk_encryption_set_id": "",
                "security_encryption_type": "",
                "storage_account_type": "Standard_LRS",
                "write_accelerator_enabled": false
              }
            ],
            "os_image_notification": [],
            "patch_assessment_mode": "ImageDefault",
            "patch_mode": "AutomaticByOS",
            "plan": [],
            "platform_fault_domain": -1,
            "priority": "Regular",
            "private_ip_address": "10.0.1.5",
            "private_ip_addresses": [
              "10.0.1.5"
            ],
            "provision_vm_agent": true,
            "proximity_placement_group_id": "",
            "public_ip_address": "",
            "public_ip_addresses": [],
            "reboot_setting": "",
            "resource_group_name": "BizTalkRG",
            "secret": [],
            "secure_boot_enabled": false,
            "size": "Standard_B4ms",
            "source_image_id": "",
            "source_image_reference": [
              {
                "offer": "SQL2019-WS2019",
                "publisher": "MicrosoftSQLServer",
                "sku": "Enterprise",
                "version": "latest"
              }
            ],
            "tags": {},
            "termination_notification": [],
            "timeouts": null,
            "timezone": "",
            "user_data": "",
            "virtual_machine_id": "812f2d91-5ed0-4244-a176-4ea4aca88f71",
            "virtual_machine_scale_set_id": "",
            "vm_agent_platform_updates_enabled": true,
            "vtpm_enabled": false,
            "winrm_listener": [],
            "zone": ""
          },
          "sensitive_attributes": [
            [
              {
                "type": "get_attr",
                "value": "admin_password"
              }
            ],
            [
              {
                "type": "get_attr",
                "value": "custom_data"
              }
            ]
          ],
          "private": "eyJlMmJmYjczMC1lY2FhLTExZTYtOGY4OC0zNDM2M2JjN2M0YzAiOnsiY3JlYXRlIjoyNzAwMDAwMDAwMDAwLCJkZWxldGUiOjI3MDAwMDAwMDAwMDAsInJlYWQiOjMwMDAwMDAwMDAwMCwidXBkYXRlIjoyNzAwMDAwMDAwMDAwfX0=",
          "dependencies": [
            "azurerm_network_interface.biztalk_nic_sql",
            "azurerm_resource_group.biztalk_rg",
            "azurerm_subnet.biztalk_subnet",
            "azurerm_virtual_network.biztalk_vnet"
          ]
        }
      ]
    }
  ],
  "check_results": null
}
